
Microsoft Visual Studio Solution File, Format Version 12.00
# Visual Studio Version 16
VisualStudioVersion = 16.0.810.16
MinimumVisualStudioVersion = 10.0.40219.1
Project("{FAE04EC0-301F-11D3-BF4B-00C04F79EFBC}") = "ecom", "ecom.csproj", "{3A964B46-252C-4F7B-A65E-C1BEDBD281DF}"
EndProject
Global
	GlobalSection(SolutionConfigurationPlatforms) = preSolution
		Debug|Any CPU = Debug|Any CPU
		Release|Any CPU = Release|Any CPU
	EndGlobalSection
	GlobalSection(ProjectConfigurationPlatforms) = postSolution
		{3A964B46-252C-4F7B-A65E-C1BEDBD281DF}.Debug|Any CPU.ActiveCfg = Debug|Any CPU
		{3A964B46-252C-4F7B-A65E-C1BEDBD281DF}.Debug|Any CPU.Build.0 = Debug|Any CPU
		{3A964B46-252C-4F7B-A65E-C1BEDBD281DF}.Release|Any CPU.ActiveCfg = Release|Any CPU
		{3A964B46-252C-4F7B-A65E-C1BEDBD281DF}.Release|Any CPU.Build.0 = Release|Any CPU
	EndGlobalSection
	GlobalSection(SolutionProperties) = preSolution
		HideSolutionNode = FALSE
	EndGlobalSection
	GlobalSection(ExtensibilityGlobals) = postSolution
		SolutionGuid = {25CD7D5A-25A1-474B-A8F3-A596DEC5D5BE}
	EndGlobalSection
EndGlobal
