
Microsoft Visual Studio Solution File, Format Version 12.00
# Visual Studio Version 16
VisualStudioVersion = 16.0.810.16
MinimumVisualStudioVersion = 10.0.40219.1
Project("{FAE04EC0-301F-11D3-BF4B-00C04F79EFBC}") = "ecom", "ecom\ecom.csproj", "{0FDEF9DF-F9B3-450A-8FC8-EDBFC7ADBEC1}"
EndProject
Project("{FAE04EC0-301F-11D3-BF4B-00C04F79EFBC}") = "ecom-test", "ecom-test\ecom-test.csproj", "{99B0328A-249B-4BC7-BB5B-68CC2712685A}"
EndProject
Project("{2150E333-8FDC-42A3-9474-1A3956D46DE8}") = "Solution Items", "Solution Items", "{23C7E37D-EFEA-408A-A307-C34001F7815B}"
	ProjectSection(SolutionItems) = preProject
		ReadMe.txt = ReadMe.txt
	EndProjectSection
EndProject
Global
	GlobalSection(SolutionConfigurationPlatforms) = preSolution
		Debug|Any CPU = Debug|Any CPU
		Release|Any CPU = Release|Any CPU
	EndGlobalSection
	GlobalSection(ProjectConfigurationPlatforms) = postSolution
		{0FDEF9DF-F9B3-450A-8FC8-EDBFC7ADBEC1}.Debug|Any CPU.ActiveCfg = Debug|Any CPU
		{0FDEF9DF-F9B3-450A-8FC8-EDBFC7ADBEC1}.Debug|Any CPU.Build.0 = Debug|Any CPU
		{0FDEF9DF-F9B3-450A-8FC8-EDBFC7ADBEC1}.Release|Any CPU.ActiveCfg = Release|Any CPU
		{0FDEF9DF-F9B3-450A-8FC8-EDBFC7ADBEC1}.Release|Any CPU.Build.0 = Release|Any CPU
		{99B0328A-249B-4BC7-BB5B-68CC2712685A}.Debug|Any CPU.ActiveCfg = Debug|Any CPU
		{99B0328A-249B-4BC7-BB5B-68CC2712685A}.Debug|Any CPU.Build.0 = Debug|Any CPU
		{99B0328A-249B-4BC7-BB5B-68CC2712685A}.Release|Any CPU.ActiveCfg = Release|Any CPU
		{99B0328A-249B-4BC7-BB5B-68CC2712685A}.Release|Any CPU.Build.0 = Release|Any CPU
	EndGlobalSection
	GlobalSection(SolutionProperties) = preSolution
		HideSolutionNode = FALSE
	EndGlobalSection
	GlobalSection(ExtensibilityGlobals) = postSolution
		SolutionGuid = {29A12F63-CF28-45A0-8328-8A248EEC499A}
	EndGlobalSection
EndGlobal
